// !$*UTF8*$!
{
	archiveVersion = 1;
	classes = {
	};
	objectVersion = 56;
	objects = {

/* Begin PBXBuildFile section */
		2C60F5722A5C681500B49CC4 /* ShouldEatApp.swift in Sources */ = {isa = PBXBuildFile; fileRef = 2C60F5712A5C681500B49CC4 /* ShouldEatApp.swift */; };
		2C60F5742A5C681500B49CC4 /* MainTabView.swift in Sources */ = {isa = PBXBuildFile; fileRef = 2C60F5732A5C681500B49CC4 /* MainTabView.swift */; };
		2C60F5762A5C681600B49CC4 /* Assets.xcassets in Resources */ = {isa = PBXBuildFile; fileRef = 2C60F5752A5C681600B49CC4 /* Assets.xcassets */; };
		2C60F5792A5C681600B49CC4 /* Preview Assets.xcassets in Resources */ = {isa = PBXBuildFile; fileRef = 2C60F5782A5C681600B49CC4 /* Preview Assets.xcassets */; };
		2C60F5832A5C681600B49CC4 /* ShouldEatTests.swift in Sources */ = {isa = PBXBuildFile; fileRef = 2C60F5822A5C681600B49CC4 /* ShouldEatTests.swift */; };
		2C60F58D2A5C681600B49CC4 /* ShouldEatUITests.swift in Sources */ = {isa = PBXBuildFile; fileRef = 2C60F58C2A5C681600B49CC4 /* ShouldEatUITests.swift */; };
		2C60F58F2A5C681600B49CC4 /* ShouldEatUITestsLaunchTests.swift in Sources */ = {isa = PBXBuildFile; fileRef = 2C60F58E2A5C681600B49CC4 /* ShouldEatUITestsLaunchTests.swift */; };
		2C70190C2A5D1E010049A1FF /* HomeView.swift in Sources */ = {isa = PBXBuildFile; fileRef = 2C70190B2A5D1E010049A1FF /* HomeView.swift */; };
		2C70190E2A5D1E0F0049A1FF /* LoginPageView.swift in Sources */ = {isa = PBXBuildFile; fileRef = 2C70190D2A5D1E0F0049A1FF /* LoginPageView.swift */; };
		2C7019102A5D1E490049A1FF /* ChatView.swift in Sources */ = {isa = PBXBuildFile; fileRef = 2C70190F2A5D1E490049A1FF /* ChatView.swift */; };
		2CCD7F7A2A640BBA000A2F03 /* CooklList.swift in Sources */ = {isa = PBXBuildFile; fileRef = 2CCD7F792A640BBA000A2F03 /* CooklList.swift */; };
		2CE129472A5EC3F5009E1014 /* CookItemView.swift in Sources */ = {isa = PBXBuildFile; fileRef = 2CE129462A5EC3F5009E1014 /* CookItemView.swift */; };
/* End PBXBuildFile section */

/* Begin PBXContainerItemProxy section */
		2C60F57F2A5C681600B49CC4 /* PBXContainerItemProxy */ = {
			isa = PBXContainerItemProxy;
			containerPortal = 2C60F5662A5C681500B49CC4 /* Project object */;
			proxyType = 1;
			remoteGlobalIDString = 2C60F56D2A5C681500B49CC4;
			remoteInfo = ShouldEat;
		};
		2C60F5892A5C681600B49CC4 /* PBXContainerItemProxy */ = {
			isa = PBXContainerItemProxy;
			containerPortal = 2C60F5662A5C681500B49CC4 /* Project object */;
			proxyType = 1;
			remoteGlobalIDString = 2C60F56D2A5C681500B49CC4;
			remoteInfo = ShouldEat;
		};
/* End PBXContainerItemProxy section */

/* Begin PBXFileReference section */
		2C60F56E2A5C681500B49CC4 /* ShouldEat.app */ = {isa = PBXFileReference; explicitFileType = wrapper.application; includeInIndex = 0; path = ShouldEat.app; sourceTree = BUILT_PRODUCTS_DIR; };
		2C60F5712A5C681500B49CC4 /* ShouldEatApp.swift */ = {isa = PBXFileReference; lastKnownFileType = sourcecode.swift; path = ShouldEatApp.swift; sourceTree = "<group>"; };
		2C60F5732A5C681500B49CC4 /* MainTabView.swift */ = {isa = PBXFileReference; lastKnownFileType = sourcecode.swift; path = MainTabView.swift; sourceTree = "<group>"; };
		2C60F5752A5C681600B49CC4 /* Assets.xcassets */ = {isa = PBXFileReference; lastKnownFileType = folder.assetcatalog; path = Assets.xcassets; sourceTree = "<group>"; };
		2C60F5782A5C681600B49CC4 /* Preview Assets.xcassets */ = {isa = PBXFileReference; lastKnownFileType = folder.assetcatalog; path = "Preview Assets.xcassets"; sourceTree = "<group>"; };
		2C60F57E2A5C681600B49CC4 /* ShouldEatTests.xctest */ = {isa = PBXFileReference; explicitFileType = wrapper.cfbundle; includeInIndex = 0; path = ShouldEatTests.xctest; sourceTree = BUILT_PRODUCTS_DIR; };
		2C60F5822A5C681600B49CC4 /* ShouldEatTests.swift */ = {isa = PBXFileReference; lastKnownFileType = sourcecode.swift; path = ShouldEatTests.swift; sourceTree = "<group>"; };
		2C60F5882A5C681600B49CC4 /* ShouldEatUITests.xctest */ = {isa = PBXFileReference; explicitFileType = wrapper.cfbundle; includeInIndex = 0; path = ShouldEatUITests.xctest; sourceTree = BUILT_PRODUCTS_DIR; };
		2C60F58C2A5C681600B49CC4 /* ShouldEatUITests.swift */ = {isa = PBXFileReference; lastKnownFileType = sourcecode.swift; path = ShouldEatUITests.swift; sourceTree = "<group>"; };
		2C60F58E2A5C681600B49CC4 /* ShouldEatUITestsLaunchTests.swift */ = {isa = PBXFileReference; lastKnownFileType = sourcecode.swift; path = ShouldEatUITestsLaunchTests.swift; sourceTree = "<group>"; };
		2C70190B2A5D1E010049A1FF /* HomeView.swift */ = {isa = PBXFileReference; lastKnownFileType = sourcecode.swift; path = HomeView.swift; sourceTree = "<group>"; };
		2C70190D2A5D1E0F0049A1FF /* LoginPageView.swift */ = {isa = PBXFileReference; lastKnownFileType = sourcecode.swift; path = LoginPageView.swift; sourceTree = "<group>"; };
		2C70190F2A5D1E490049A1FF /* ChatView.swift */ = {isa = PBXFileReference; lastKnownFileType = sourcecode.swift; path = ChatView.swift; sourceTree = "<group>"; };
		2CCD7F792A640BBA000A2F03 /* CooklList.swift */ = {isa = PBXFileReference; lastKnownFileType = sourcecode.swift; path = CooklList.swift; sourceTree = "<group>"; };
		2CE129462A5EC3F5009E1014 /* CookItemView.swift */ = {isa = PBXFileReference; lastKnownFileType = sourcecode.swift; path = CookItemView.swift; sourceTree = "<group>"; };
/* End PBXFileReference section */

/* Begin PBXFrameworksBuildPhase section */
		2C60F56B2A5C681500B49CC4 /* Frameworks */ = {
			isa = PBXFrameworksBuildPhase;
			buildActionMask = 2147483647;
			files = (
			);
			runOnlyForDeploymentPostprocessing = 0;
		};
		2C60F57B2A5C681600B49CC4 /* Frameworks */ = {
			isa = PBXFrameworksBuildPhase;
			buildActionMask = 2147483647;
			files = (
			);
			runOnlyForDeploymentPostprocessing = 0;
		};
		2C60F5852A5C681600B49CC4 /* Frameworks */ = {
			isa = PBXFrameworksBuildPhase;
			buildActionMask = 2147483647;
			files = (
			);
			runOnlyForDeploymentPostprocessing = 0;
		};
/* End PBXFrameworksBuildPhase section */

/* Begin PBXGroup section */
		2C60F5652A5C681500B49CC4 = {
			isa = PBXGroup;
			children = (
				2C60F5702A5C681500B49CC4 /* ShouldEat */,
				2C60F5812A5C681600B49CC4 /* ShouldEatTests */,
				2C60F58B2A5C681600B49CC4 /* ShouldEatUITests */,
				2C60F56F2A5C681500B49CC4 /* Products */,
			);
			sourceTree = "<group>";
		};
		2C60F56F2A5C681500B49CC4 /* Products */ = {
			isa = PBXGroup;
			children = (
				2C60F56E2A5C681500B49CC4 /* ShouldEat.app */,
				2C60F57E2A5C681600B49CC4 /* ShouldEatTests.xctest */,
				2C60F5882A5C681600B49CC4 /* ShouldEatUITests.xctest */,
			);
			name = Products;
			sourceTree = "<group>";
		};
		2C60F5702A5C681500B49CC4 /* ShouldEat */ = {
			isa = PBXGroup;
			children = (
				2C60F5712A5C681500B49CC4 /* ShouldEatApp.swift */,
				2C60F5732A5C681500B49CC4 /* MainTabView.swift */,
				2C70190B2A5D1E010049A1FF /* HomeView.swift */,
				2C70190D2A5D1E0F0049A1FF /* LoginPageView.swift */,
				2CCD7F792A640BBA000A2F03 /* CooklList.swift */,
				2CE129462A5EC3F5009E1014 /* CookItemView.swift */,
				2C70190F2A5D1E490049A1FF /* ChatView.swift */,
				2C60F5752A5C681600B49CC4 /* Assets.xcassets */,
				2C60F5772A5C681600B49CC4 /* Preview Content */,
			);
			path = ShouldEat;
			sourceTree = "<group>";
		};
		2C60F5772A5C681600B49CC4 /* Preview Content */ = {
			isa = PBXGroup;
			children = (
				2C60F5782A5C681600B49CC4 /* Preview Assets.xcassets */,
			);
			path = "Preview Content";
			sourceTree = "<group>";
		};
		2C60F5812A5C681600B49CC4 /* ShouldEatTests */ = {
			isa = PBXGroup;
			children = (
				2C60F5822A5C681600B49CC4 /* ShouldEatTests.swift */,
			);
			path = ShouldEatTests;
			sourceTree = "<group>";
		};
		2C60F58B2A5C681600B49CC4 /* ShouldEatUITests */ = {
			isa = PBXGroup;
			children = (
				2C60F58C2A5C681600B49CC4 /* ShouldEatUITests.swift */,
				2C60F58E2A5C681600B49CC4 /* ShouldEatUITestsLaunchTests.swift */,
			);
			path = ShouldEatUITests;
			sourceTree = "<group>";
		};
/* End PBXGroup section */

/* Begin PBXNativeTarget section */
		2C60F56D2A5C681500B49CC4 /* ShouldEat */ = {
			isa = PBXNativeTarget;
			buildConfigurationList = 2C60F5922A5C681600B49CC4 /* Build configuration list for PBXNativeTarget "ShouldEat" */;
			buildPhases = (
				2C60F56A2A5C681500B49CC4 /* Sources */,
				2C60F56B2A5C681500B49CC4 /* Frameworks */,
				2C60F56C2A5C681500B49CC4 /* Resources */,
			);
			buildRules = (
			);
			dependencies = (
			);
			name = ShouldEat;
			productName = ShouldEat;
			productReference = 2C60F56E2A5C681500B49CC4 /* ShouldEat.app */;
			productType = "com.apple.product-type.application";
		};
		2C60F57D2A5C681600B49CC4 /* ShouldEatTests */ = {
			isa = PBXNativeTarget;
			buildConfigurationList = 2C60F5952A5C681600B49CC4 /* Build configuration list for PBXNativeTarget "ShouldEatTests" */;
			buildPhases = (
				2C60F57A2A5C681600B49CC4 /* Sources */,
				2C60F57B2A5C681600B49CC4 /* Frameworks */,
				2C60F57C2A5C681600B49CC4 /* Resources */,
			);
			buildRules = (
			);
			dependencies = (
				2C60F5802A5C681600B49CC4 /* PBXTargetDependency */,
			);
			name = ShouldEatTests;
			productName = ShouldEatTests;
			productReference = 2C60F57E2A5C681600B49CC4 /* ShouldEatTests.xctest */;
			productType = "com.apple.product-type.bundle.unit-test";
		};
		2C60F5872A5C681600B49CC4 /* ShouldEatUITests */ = {
			isa = PBXNativeTarget;
			buildConfigurationList = 2C60F5982A5C681600B49CC4 /* Build configuration list for PBXNativeTarget "ShouldEatUITests" */;
			buildPhases = (
				2C60F5842A5C681600B49CC4 /* Sources */,
				2C60F5852A5C681600B49CC4 /* Frameworks */,
				2C60F5862A5C681600B49CC4 /* Resources */,
			);
			buildRules = (
			);
			dependencies = (
				2C60F58A2A5C681600B49CC4 /* PBXTargetDependency */,
			);
			name = ShouldEatUITests;
			productName = ShouldEatUITests;
			productReference = 2C60F5882A5C681600B49CC4 /* ShouldEatUITests.xctest */;
			productType = "com.apple.product-type.bundle.ui-testing";
		};
/* End PBXNativeTarget section */

/* Begin PBXProject section */
		2C60F5662A5C681500B49CC4 /* Project object */ = {
			isa = PBXProject;
			attributes = {
				BuildIndependentTargetsInParallel = 1;
				LastSwiftUpdateCheck = 1430;
				LastUpgradeCheck = 1430;
				TargetAttributes = {
					2C60F56D2A5C681500B49CC4 = {
						CreatedOnToolsVersion = 14.3.1;
					};
					2C60F57D2A5C681600B49CC4 = {
						CreatedOnToolsVersion = 14.3.1;
						TestTargetID = 2C60F56D2A5C681500B49CC4;
					};
					2C60F5872A5C681600B49CC4 = {
						CreatedOnToolsVersion = 14.3.1;
						TestTargetID = 2C60F56D2A5C681500B49CC4;
					};
				};
			};
			buildConfigurationList = 2C60F5692A5C681500B49CC4 /* Build configuration list for PBXProject "ShouldEat" */;
			compatibilityVersion = "Xcode 14.0";
			developmentRegion = en;
			hasScannedForEncodings = 0;
			knownRegions = (
				en,
				Base,
			);
			mainGroup = 2C60F5652A5C681500B49CC4;
			productRefGroup = 2C60F56F2A5C681500B49CC4 /* Products */;
			projectDirPath = "";
			projectRoot = "";
			targets = (
				2C60F56D2A5C681500B49CC4 /* ShouldEat */,
				2C60F57D2A5C681600B49CC4 /* ShouldEatTests */,
				2C60F5872A5C681600B49CC4 /* ShouldEatUITests */,
			);
		};
/* End PBXProject section */

/* Begin PBXResourcesBuildPhase section */
		2C60F56C2A5C681500B49CC4 /* Resources */ = {
			isa = PBXResourcesBuildPhase;
			buildActionMask = 2147483647;
			files = (
				2C60F5792A5C681600B49CC4 /* Preview Assets.xcassets in Resources */,
				2C60F5762A5C681600B49CC4 /* Assets.xcassets in Resources */,
			);
			runOnlyForDeploymentPostprocessing = 0;
		};
		2C60F57C2A5C681600B49CC4 /* Resources */ = {
			isa = PBXResourcesBuildPhase;
			buildActionMask = 2147483647;
			files = (
			);
			runOnlyForDeploymentPostprocessing = 0;
		};
		2C60F5862A5C681600B49CC4 /* Resources */ = {
			isa = PBXResourcesBuildPhase;
			buildActionMask = 2147483647;
			files = (
			);
			runOnlyForDeploymentPostprocessing = 0;
		};
/* End PBXResourcesBuildPhase section */

/* Begin PBXSourcesBuildPhase section */
		2C60F56A2A5C681500B49CC4 /* Sources */ = {
			isa = PBXSourcesBuildPhase;
			buildActionMask = 2147483647;
			files = (
				2C70190C2A5D1E010049A1FF /* HomeView.swift in Sources */,
				2CE129472A5EC3F5009E1014 /* CookItemView.swift in Sources */,
				2C60F5742A5C681500B49CC4 /* MainTabView.swift in Sources */,
				2C7019102A5D1E490049A1FF /* ChatView.swift in Sources */,
				2C60F5722A5C681500B49CC4 /* ShouldEatApp.swift in Sources */,
				2C70190E2A5D1E0F0049A1FF /* LoginPageView.swift in Sources */,
				2CCD7F7A2A640BBA000A2F03 /* CooklList.swift in Sources */,
			);
			runOnlyForDeploymentPostprocessing = 0;
		};
		2C60F57A2A5C681600B49CC4 /* Sources */ = {
			isa = PBXSourcesBuildPhase;
			buildActionMask = 2147483647;
			files = (
				2C60F5832A5C681600B49CC4 /* ShouldEatTests.swift in Sources */,
			);
			runOnlyForDeploymentPostprocessing = 0;
		};
		2C60F5842A5C681600B49CC4 /* Sources */ = {
			isa = PBXSourcesBuildPhase;
			buildActionMask = 2147483647;
			files = (
				2C60F58F2A5C681600B49CC4 /* ShouldEatUITestsLaunchTests.swift in Sources */,
				2C60F58D2A5C681600B49CC4 /* ShouldEatUITests.swift in Sources */,
			);
			runOnlyForDeploymentPostprocessing = 0;
		};
/* End PBXSourcesBuildPhase section */

/* Begin PBXTargetDependency section */
		2C60F5802A5C681600B49CC4 /* PBXTargetDependency */ = {
			isa = PBXTargetDependency;
			target = 2C60F56D2A5C681500B49CC4 /* ShouldEat */;
			targetProxy = 2C60F57F2A5C681600B49CC4 /* PBXContainerItemProxy */;
		};
		2C60F58A2A5C681600B49CC4 /* PBXTargetDependency */ = {
			isa = PBXTargetDependency;
			target = 2C60F56D2A5C681500B49CC4 /* ShouldEat */;
			targetProxy = 2C60F5892A5C681600B49CC4 /* PBXContainerItemProxy */;
		};
/* End PBXTargetDependency section */

/* Begin XCBuildConfiguration section */
		2C60F5902A5C681600B49CC4 /* Debug */ = {
			isa = XCBuildConfiguration;
			buildSettings = {
				ALWAYS_SEARCH_USER_PATHS = NO;
				CLANG_ANALYZER_NONNULL = YES;
				CLANG_ANALYZER_NUMBER_OBJECT_CONVERSION = YES_AGGRESSIVE;
				CLANG_CXX_LANGUAGE_STANDARD = "gnu++20";
				CLANG_ENABLE_MODULES = YES;
				CLANG_ENABLE_OBJC_ARC = YES;
				CLANG_ENABLE_OBJC_WEAK = YES;
				CLANG_WARN_BLOCK_CAPTURE_AUTORELEASING = YES;
				CLANG_WARN_BOOL_CONVERSION = YES;
				CLANG_WARN_COMMA = YES;
				CLANG_WARN_CONSTANT_CONVERSION = YES;
				CLANG_WARN_DEPRECATED_OBJC_IMPLEMENTATIONS = YES;
				CLANG_WARN_DIRECT_OBJC_ISA_USAGE = YES_ERROR;
				CLANG_WARN_DOCUMENTATION_COMMENTS = YES;
				CLANG_WARN_EMPTY_BODY = YES;
				CLANG_WARN_ENUM_CONVERSION = YES;
				CLANG_WARN_INFINITE_RECURSION = YES;
				CLANG_WARN_INT_CONVERSION = YES;
				CLANG_WARN_NON_LITERAL_NULL_CONVERSION = YES;
				CLANG_WARN_OBJC_IMPLICIT_RETAIN_SELF = YES;
				CLANG_WARN_OBJC_LITERAL_CONVERSION = YES;
				CLANG_WARN_OBJC_ROOT_CLASS = YES_ERROR;
				CLANG_WARN_QUOTED_INCLUDE_IN_FRAMEWORK_HEADER = YES;
				CLANG_WARN_RANGE_LOOP_ANALYSIS = YES;
				CLANG_WARN_STRICT_PROTOTYPES = YES;
				CLANG_WARN_SUSPICIOUS_MOVE = YES;
				CLANG_WARN_UNGUARDED_AVAILABILITY = YES_AGGRESSIVE;
				CLANG_WARN_UNREACHABLE_CODE = YES;
				CLANG_WARN__DUPLICATE_METHOD_MATCH = YES;
				COPY_PHASE_STRIP = NO;
				DEBUG_INFORMATION_FORMAT = dwarf;
				ENABLE_STRICT_OBJC_MSGSEND = YES;
				ENABLE_TESTABILITY = YES;
				GCC_C_LANGUAGE_STANDARD = gnu11;
				GCC_DYNAMIC_NO_PIC = NO;
				GCC_NO_COMMON_BLOCKS = YES;
				GCC_OPTIMIZATION_LEVEL = 0;
				GCC_PREPROCESSOR_DEFINITIONS = (
					"DEBUG=1",
					"$(inherited)",
				);
				GCC_WARN_64_TO_32_BIT_CONVERSION = YES;
				GCC_WARN_ABOUT_RETURN_TYPE = YES_ERROR;
				GCC_WARN_UNDECLARED_SELECTOR = YES;
				GCC_WARN_UNINITIALIZED_AUTOS = YES_AGGRESSIVE;
				GCC_WARN_UNUSED_FUNCTION = YES;
				GCC_WARN_UNUSED_VARIABLE = YES;
				IPHONEOS_DEPLOYMENT_TARGET = 16.4;
				MTL_ENABLE_DEBUG_INFO = INCLUDE_SOURCE;
				MTL_FAST_MATH = YES;
				ONLY_ACTIVE_ARCH = YES;
				SDKROOT = iphoneos;
				SWIFT_ACTIVE_COMPILATION_CONDITIONS = DEBUG;
				SWIFT_OPTIMIZATION_LEVEL = "-Onone";
			};
			name = Debug;
		};
		2C60F5912A5C681600B49CC4 /* Release */ = {
			isa = XCBuildConfiguration;
			buildSettings = {
				ALWAYS_SEARCH_USER_PATHS = NO;
				CLANG_ANALYZER_NONNULL = YES;
				CLANG_ANALYZER_NUMBER_OBJECT_CONVERSION = YES_AGGRESSIVE;
				CLANG_CXX_LANGUAGE_STANDARD = "gnu++20";
				CLANG_ENABLE_MODULES = YES;
				CLANG_ENABLE_OBJC_ARC = YES;
				CLANG_ENABLE_OBJC_WEAK = YES;
				CLANG_WARN_BLOCK_CAPTURE_AUTORELEASING = YES;
				CLANG_WARN_BOOL_CONVERSION = YES;
				CLANG_WARN_COMMA = YES;
				CLANG_WARN_CONSTANT_CONVERSION = YES;
				CLANG_WARN_DEPRECATED_OBJC_IMPLEMENTATIONS = YES;
				CLANG_WARN_DIRECT_OBJC_ISA_USAGE = YES_ERROR;
				CLANG_WARN_DOCUMENTATION_COMMENTS = YES;
				CLANG_WARN_EMPTY_BODY = YES;
				CLANG_WARN_ENUM_CONVERSION = YES;
				CLANG_WARN_INFINITE_RECURSION = YES;
				CLANG_WARN_INT_CONVERSION = YES;
				CLANG_WARN_NON_LITERAL_NULL_CONVERSION = YES;
				CLANG_WARN_OBJC_IMPLICIT_RETAIN_SELF = YES;
				CLANG_WARN_OBJC_LITERAL_CONVERSION = YES;
				CLANG_WARN_OBJC_ROOT_CLASS = YES_ERROR;
				CLANG_WARN_QUOTED_INCLUDE_IN_FRAMEWORK_HEADER = YES;
				CLANG_WARN_RANGE_LOOP_ANALYSIS = YES;
				CLANG_WARN_STRICT_PROTOTYPES = YES;
				CLANG_WARN_SUSPICIOUS_MOVE = YES;
				CLANG_WARN_UNGUARDED_AVAILABILITY = YES_AGGRESSIVE;
				CLANG_WARN_UNREACHABLE_CODE = YES;
				CLANG_WARN__DUPLICATE_METHOD_MATCH = YES;
				COPY_PHASE_STRIP = NO;
				DEBUG_INFORMATION_FORMAT = "dwarf-with-dsym";
				ENABLE_NS_ASSERTIONS = NO;
				ENABLE_STRICT_OBJC_MSGSEND = YES;
				GCC_C_LANGUAGE_STANDARD = gnu11;
				GCC_NO_COMMON_BLOCKS = YES;
				GCC_WARN_64_TO_32_BIT_CONVERSION = YES;
				GCC_WARN_ABOUT_RETURN_TYPE = YES_ERROR;
				GCC_WARN_UNDECLARED_SELECTOR = YES;
				GCC_WARN_UNINITIALIZED_AUTOS = YES_AGGRESSIVE;
				GCC_WARN_UNUSED_FUNCTION = YES;
				GCC_WARN_UNUSED_VARIABLE = YES;
				IPHONEOS_DEPLOYMENT_TARGET = 16.4;
				MTL_ENABLE_DEBUG_INFO = NO;
				MTL_FAST_MATH = YES;
				SDKROOT = iphoneos;
				SWIFT_COMPILATION_MODE = wholemodule;
				SWIFT_OPTIMIZATION_LEVEL = "-O";
				VALIDATE_PRODUCT = YES;
			};
			name = Release;
		};
		2C60F5932A5C681600B49CC4 /* Debug */ = {
			isa = XCBuildConfiguration;
			buildSettings = {
				ASSETCATALOG_COMPILER_APPICON_NAME = AppIcon;
				ASSETCATALOG_COMPILER_GLOBAL_ACCENT_COLOR_NAME = AccentColor;
				CODE_SIGN_STYLE = Automatic;
				CURRENT_PROJECT_VERSION = 1;
				DEVELOPMENT_ASSET_PATHS = "\"ShouldEat/Preview Content\"";
				DEVELOPMENT_TEAM = U4BQZ3AXAA;
				ENABLE_PREVIEWS = YES;
				GENERATE_INFOPLIST_FILE = YES;
				INFOPLIST_KEY_UIApplicationSceneManifest_Generation = YES;
				INFOPLIST_KEY_UIApplicationSupportsIndirectInputEvents = YES;
				INFOPLIST_KEY_UILaunchScreen_Generation = YES;
				INFOPLIST_KEY_UISupportedInterfaceOrientations_iPad = "UIInterfaceOrientationPortrait UIInterfaceOrientationPortraitUpsideDown UIInterfaceOrientationLandscapeLeft UIInterfaceOrientationLandscapeRight";
				INFOPLIST_KEY_UISupportedInterfaceOrientations_iPhone = "UIInterfaceOrientationPortrait UIInterfaceOrientationLandscapeLeft UIInterfaceOrientationLandscapeRight";
				LD_RUNPATH_SEARCH_PATHS = (
					"$(inherited)",
					"@executable_path/Frameworks",
				);
				MARKETING_VERSION = 1.0;
				PRODUCT_BUNDLE_IDENTIFIER = com.sueunkim.ShouldEat;
				PRODUCT_NAME = "$(TARGET_NAME)";
				SWIFT_EMIT_LOC_STRINGS = YES;
				SWIFT_VERSION = 5.0;
				TARGETED_DEVICE_FAMILY = "1,2";
			};
			name = Debug;
		};
		2C60F5942A5C681600B49CC4 /* Release */ = {
			isa = XCBuildConfiguration;
			buildSettings = {
				ASSETCATALOG_COMPILER_APPICON_NAME = AppIcon;
				ASSETCATALOG_COMPILER_GLOBAL_ACCENT_COLOR_NAME = AccentColor;
				CODE_SIGN_STYLE = Automatic;
				CURRENT_PROJECT_VERSION = 1;
				DEVELOPMENT_ASSET_PATHS = "\"ShouldEat/Preview Content\"";
				DEVELOPMENT_TEAM = U4BQZ3AXAA;
				ENABLE_PREVIEWS = YES;
				GENERATE_INFOPLIST_FILE = YES;
				INFOPLIST_KEY_UIApplicationSceneManifest_Generation = YES;
				INFOPLIST_KEY_UIApplicationSupportsIndirectInputEvents = YES;
				INFOPLIST_KEY_UILaunchScreen_Generation = YES;
				INFOPLIST_KEY_UISupportedInterfaceOrientations_iPad = "UIInterfaceOrientationPortrait UIInterfaceOrientationPortraitUpsideDown UIInterfaceOrientationLandscapeLeft UIInterfaceOrientationLandscapeRight";
				INFOPLIST_KEY_UISupportedInterfaceOrientations_iPhone = "UIInterfaceOrientationPortrait UIInterfaceOrientationLandscapeLeft UIInterfaceOrientationLandscapeRight";
				LD_RUNPATH_SEARCH_PATHS = (
					"$(inherited)",
					"@executable_path/Frameworks",
				);
				MARKETING_VERSION = 1.0;
				PRODUCT_BUNDLE_IDENTIFIER = com.sueunkim.ShouldEat;
				PRODUCT_NAME = "$(TARGET_NAME)";
				SWIFT_EMIT_LOC_STRINGS = YES;
				SWIFT_VERSION = 5.0;
				TARGETED_DEVICE_FAMILY = "1,2";
			};
			name = Release;
		};
		2C60F5962A5C681600B49CC4 /* Debug */ = {
			isa = XCBuildConfiguration;
			buildSettings = {
				ALWAYS_EMBED_SWIFT_STANDARD_LIBRARIES = YES;
				BUNDLE_LOADER = "$(TEST_HOST)";
				CODE_SIGN_STYLE = Automatic;
				CURRENT_PROJECT_VERSION = 1;
				DEVELOPMENT_TEAM = U4BQZ3AXAA;
				GENERATE_INFOPLIST_FILE = YES;
				IPHONEOS_DEPLOYMENT_TARGET = 16.4;
				MARKETING_VERSION = 1.0;
				PRODUCT_BUNDLE_IDENTIFIER = com.sueunkim.ShouldEatTests;
				PRODUCT_NAME = "$(TARGET_NAME)";
				SWIFT_EMIT_LOC_STRINGS = NO;
				SWIFT_VERSION = 5.0;
				TARGETED_DEVICE_FAMILY = "1,2";
				TEST_HOST = "$(BUILT_PRODUCTS_DIR)/ShouldEat.app/$(BUNDLE_EXECUTABLE_FOLDER_PATH)/ShouldEat";
			};
			name = Debug;
		};
		2C60F5972A5C681600B49CC4 /* Release */ = {
			isa = XCBuildConfiguration;
			buildSettings = {
				ALWAYS_EMBED_SWIFT_STANDARD_LIBRARIES = YES;
				BUNDLE_LOADER = "$(TEST_HOST)";
				CODE_SIGN_STYLE = Automatic;
				CURRENT_PROJECT_VERSION = 1;
				DEVELOPMENT_TEAM = U4BQZ3AXAA;
				GENERATE_INFOPLIST_FILE = YES;
				IPHONEOS_DEPLOYMENT_TARGET = 16.4;
				MARKETING_VERSION = 1.0;
				PRODUCT_BUNDLE_IDENTIFIER = com.sueunkim.ShouldEatTests;
				PRODUCT_NAME = "$(TARGET_NAME)";
				SWIFT_EMIT_LOC_STRINGS = NO;
				SWIFT_VERSION = 5.0;
				TARGETED_DEVICE_FAMILY = "1,2";
				TEST_HOST = "$(BUILT_PRODUCTS_DIR)/ShouldEat.app/$(BUNDLE_EXECUTABLE_FOLDER_PATH)/ShouldEat";
			};
			name = Release;
		};
		2C60F5992A5C681600B49CC4 /* Debug */ = {
			isa = XCBuildConfiguration;
			buildSettings = {
				ALWAYS_EMBED_SWIFT_STANDARD_LIBRARIES = YES;
				CODE_SIGN_STYLE = Automatic;
				CURRENT_PROJECT_VERSION = 1;
				DEVELOPMENT_TEAM = U4BQZ3AXAA;
				GENERATE_INFOPLIST_FILE = YES;
				MARKETING_VERSION = 1.0;
				PRODUCT_BUNDLE_IDENTIFIER = com.sueunkim.ShouldEatUITests;
				PRODUCT_NAME = "$(TARGET_NAME)";
				SWIFT_EMIT_LOC_STRINGS = NO;
				SWIFT_VERSION = 5.0;
				TARGETED_DEVICE_FAMILY = "1,2";
				TEST_TARGET_NAME = ShouldEat;
			};
			name = Debug;
		};
		2C60F59A2A5C681600B49CC4 /* Release */ = {
			isa = XCBuildConfiguration;
			buildSettings = {
				ALWAYS_EMBED_SWIFT_STANDARD_LIBRARIES = YES;
				CODE_SIGN_STYLE = Automatic;
				CURRENT_PROJECT_VERSION = 1;
				DEVELOPMENT_TEAM = U4BQZ3AXAA;
				GENERATE_INFOPLIST_FILE = YES;
				MARKETING_VERSION = 1.0;
				PRODUCT_BUNDLE_IDENTIFIER = com.sueunkim.ShouldEatUITests;
				PRODUCT_NAME = "$(TARGET_NAME)";
				SWIFT_EMIT_LOC_STRINGS = NO;
				SWIFT_VERSION = 5.0;
				TARGETED_DEVICE_FAMILY = "1,2";
				TEST_TARGET_NAME = ShouldEat;
			};
			name = Release;
		};
/* End XCBuildConfiguration section */

/* Begin XCConfigurationList section */
		2C60F5692A5C681500B49CC4 /* Build configuration list for PBXProject "ShouldEat" */ = {
			isa = XCConfigurationList;
			buildConfigurations = (
				2C60F5902A5C681600B49CC4 /* Debug */,
				2C60F5912A5C681600B49CC4 /* Release */,
			);
			defaultConfigurationIsVisible = 0;
			defaultConfigurationName = Release;
		};
		2C60F5922A5C681600B49CC4 /* Build configuration list for PBXNativeTarget "ShouldEat" */ = {
			isa = XCConfigurationList;
			buildConfigurations = (
				2C60F5932A5C681600B49CC4 /* Debug */,
				2C60F5942A5C681600B49CC4 /* Release */,
			);
			defaultConfigurationIsVisible = 0;
			defaultConfigurationName = Release;
		};
		2C60F5952A5C681600B49CC4 /* Build configuration list for PBXNativeTarget "ShouldEatTests" */ = {
			isa = XCConfigurationList;
			buildConfigurations = (
				2C60F5962A5C681600B49CC4 /* Debug */,
				2C60F5972A5C681600B49CC4 /* Release */,
			);
			defaultConfigurationIsVisible = 0;
			defaultConfigurationName = Release;
		};
		2C60F5982A5C681600B49CC4 /* Build configuration list for PBXNativeTarget "ShouldEatUITests" */ = {
			isa = XCConfigurationList;
			buildConfigurations = (
				2C60F5992A5C681600B49CC4 /* Debug */,
				2C60F59A2A5C681600B49CC4 /* Release */,
			);
			defaultConfigurationIsVisible = 0;
			defaultConfigurationName = Release;
		};
/* End XCConfigurationList section */
	};
	rootObject = 2C60F5662A5C681500B49CC4 /* Project object */;
}
